// !$*UTF8*$!
{
	archiveVersion = 1;
	classes = {
	};
	objectVersion = 46;
	objects = {

/* Begin PBXBuildFile section */
		E6BD649F138B87A700E8BFB2 /* UIKit.framework in Frameworks */ = {isa = PBXBuildFile; fileRef = E6BD649E138B87A700E8BFB2 /* UIKit.framework */; };
		E6BD64A1138B87A700E8BFB2 /* Foundation.framework in Frameworks */ = {isa = PBXBuildFile; fileRef = E6BD64A0138B87A700E8BFB2 /* Foundation.framework */; };
		E6BD64A3138B87A700E8BFB2 /* CoreGraphics.framework in Frameworks */ = {isa = PBXBuildFile; fileRef = E6BD64A2138B87A700E8BFB2 /* CoreGraphics.framework */; };
		E6BD64A5138B87A700E8BFB2 /* CoreData.framework in Frameworks */ = {isa = PBXBuildFile; fileRef = E6BD64A4138B87A700E8BFB2 /* CoreData.framework */; };
		E6BD64AB138B87A700E8BFB2 /* InfoPlist.strings in Resources */ = {isa = PBXBuildFile; fileRef = E6BD64A9138B87A700E8BFB2 /* InfoPlist.strings */; };
		E6BD64AE138B87A700E8BFB2 /* main.m in Sources */ = {isa = PBXBuildFile; fileRef = E6BD64AD138B87A700E8BFB2 /* main.m */; };
		E6BD64D9138B87FB00E8BFB2 /* InfoViewController.m in Sources */ = {isa = PBXBuildFile; fileRef = E6BD64CD138B87FB00E8BFB2 /* InfoViewController.m */; };
		E6BD64DA138B87FB00E8BFB2 /* iPhone4.png in Resources */ = {isa = PBXBuildFile; fileRef = E6BD64CE138B87FB00E8BFB2 /* iPhone4.png */; };
		E6BD64DB138B87FB00E8BFB2 /* MagnifyingGlass.xcdatamodeld in Sources */ = {isa = PBXBuildFile; fileRef = E6BD64CF138B87FB00E8BFB2 /* MagnifyingGlass.xcdatamodeld */; };
		E6BD64DC138B87FB00E8BFB2 /* KrazyKimWarMap.jpg in Resources */ = {isa = PBXBuildFile; fileRef = E6BD64D1138B87FB00E8BFB2 /* KrazyKimWarMap.jpg */; };
		E6BD64DD138B87FB00E8BFB2 /* KrazyKimWarMap.png in Resources */ = {isa = PBXBuildFile; fileRef = E6BD64D2138B87FB00E8BFB2 /* KrazyKimWarMap.png */; };
		E6BD64DE138B87FB00E8BFB2 /* MagnifyAppDelegate.m in Sources */ = {isa = PBXBuildFile; fileRef = E6BD64D4138B87FB00E8BFB2 /* MagnifyAppDelegate.m */; };
		E6BD64DF138B87FB00E8BFB2 /* MagnifyingGlassViewController.m in Sources */ = {isa = PBXBuildFile; fileRef = E6BD64D6138B87FB00E8BFB2 /* MagnifyingGlassViewController.m */; };
		E6BD64E0138B87FB00E8BFB2 /* Mercury-First_Color_Image.png in Resources */ = {isa = PBXBuildFile; fileRef = E6BD64D7138B87FB00E8BFB2 /* Mercury-First_Color_Image.png */; };
		E6BD64E1138B87FB00E8BFB2 /* NASA_Leaders_Tesla_Testdrive_1024.jpg in Resources */ = {isa = PBXBuildFile; fileRef = E6BD64D8138B87FB00E8BFB2 /* NASA_Leaders_Tesla_Testdrive_1024.jpg */; };
		E6BD64E3138B883300E8BFB2 /* MainWindow.xib in Resources */ = {isa = PBXBuildFile; fileRef = E6BD64E2138B883300E8BFB2 /* MainWindow.xib */; };
		E6BD64E5138B885E00E8BFB2 /* MainView.xib in Resources */ = {isa = PBXBuildFile; fileRef = E6BD64E4138B885E00E8BFB2 /* MainView.xib */; };
		E6BD64E7138B887900E8BFB2 /* InfoView.xib in Resources */ = {isa = PBXBuildFile; fileRef = E6BD64E6138B887900E8BFB2 /* InfoView.xib */; };
		E6BD64EB138B88E600E8BFB2 /* QuartzCore.framework in Frameworks */ = {isa = PBXBuildFile; fileRef = E6BD64EA138B88E600E8BFB2 /* QuartzCore.framework */; };
		E6EFDEE113A0085C00A4A7C7 /* MagnifyingGlass.m in Sources */ = {isa = PBXBuildFile; fileRef = E6EFDEE013A0085C00A4A7C7 /* MagnifyingGlass.m */; };
/* End PBXBuildFile section */

/* Begin PBXFileReference section */
		E6BD649A138B87A700E8BFB2 /* MagnifyingGlass.app */ = {isa = PBXFileReference; explicitFileType = wrapper.application; includeInIndex = 0; path = MagnifyingGlass.app; sourceTree = BUILT_PRODUCTS_DIR; };
		E6BD649E138B87A700E8BFB2 /* UIKit.framework */ = {isa = PBXFileReference; lastKnownFileType = wrapper.framework; name = UIKit.framework; path = System/Library/Frameworks/UIKit.framework; sourceTree = SDKROOT; };
		E6BD64A0138B87A700E8BFB2 /* Foundation.framework */ = {isa = PBXFileReference; lastKnownFileType = wrapper.framework; name = Foundation.framework; path = System/Library/Frameworks/Foundation.framework; sourceTree = SDKROOT; };
		E6BD64A2138B87A700E8BFB2 /* CoreGraphics.framework */ = {isa = PBXFileReference; lastKnownFileType = wrapper.framework; name = CoreGraphics.framework; path = System/Library/Frameworks/CoreGraphics.framework; sourceTree = SDKROOT; };
		E6BD64A4138B87A700E8BFB2 /* CoreData.framework */ = {isa = PBXFileReference; lastKnownFileType = wrapper.framework; name = CoreData.framework; path = System/Library/Frameworks/CoreData.framework; sourceTree = SDKROOT; };
		E6BD64A8138B87A700E8BFB2 /* MagnifyingGlass-Info.plist */ = {isa = PBXFileReference; lastKnownFileType = text.plist.xml; path = "MagnifyingGlass-Info.plist"; sourceTree = "<group>"; };
		E6BD64AA138B87A700E8BFB2 /* en */ = {isa = PBXFileReference; lastKnownFileType = text.plist.strings; name = en; path = en.lproj/InfoPlist.strings; sourceTree = "<group>"; };
		E6BD64AC138B87A700E8BFB2 /* MagnifyingGlass-Prefix.pch */ = {isa = PBXFileReference; lastKnownFileType = sourcecode.c.h; path = "MagnifyingGlass-Prefix.pch"; sourceTree = "<group>"; };
		E6BD64AD138B87A700E8BFB2 /* main.m */ = {isa = PBXFileReference; lastKnownFileType = sourcecode.c.objc; path = main.m; sourceTree = "<group>"; };
		E6BD64CC138B87FB00E8BFB2 /* InfoViewController.h */ = {isa = PBXFileReference; fileEncoding = 4; lastKnownFileType = sourcecode.c.h; path = InfoViewController.h; sourceTree = "<group>"; };
		E6BD64CD138B87FB00E8BFB2 /* InfoViewController.m */ = {isa = PBXFileReference; fileEncoding = 4; lastKnownFileType = sourcecode.c.objc; path = InfoViewController.m; sourceTree = "<group>"; };
		E6BD64CE138B87FB00E8BFB2 /* iPhone4.png */ = {isa = PBXFileReference; lastKnownFileType = image.png; path = iPhone4.png; sourceTree = "<group>"; };
		E6BD64D0138B87FB00E8BFB2 /* KrazyKim.xcdatamodel */ = {isa = PBXFileReference; lastKnownFileType = wrapper.xcdatamodel; path = KrazyKim.xcdatamodel; sourceTree = "<group>"; };
		E6BD64D1138B87FB00E8BFB2 /* KrazyKimWarMap.jpg */ = {isa = PBXFileReference; lastKnownFileType = image.jpeg; path = KrazyKimWarMap.jpg; sourceTree = "<group>"; };
		E6BD64D2138B87FB00E8BFB2 /* KrazyKimWarMap.png */ = {isa = PBXFileReference; lastKnownFileType = image.png; path = KrazyKimWarMap.png; sourceTree = "<group>"; };
		E6BD64D3138B87FB00E8BFB2 /* MagnifyAppDelegate.h */ = {isa = PBXFileReference; fileEncoding = 4; lastKnownFileType = sourcecode.c.h; path = MagnifyAppDelegate.h; sourceTree = "<group>"; };
		E6BD64D4138B87FB00E8BFB2 /* MagnifyAppDelegate.m */ = {isa = PBXFileReference; fileEncoding = 4; lastKnownFileType = sourcecode.c.objc; path = MagnifyAppDelegate.m; sourceTree = "<group>"; };
		E6BD64D5138B87FB00E8BFB2 /* MagnifyingGlassViewController.h */ = {isa = PBXFileReference; fileEncoding = 4; lastKnownFileType = sourcecode.c.h; path = MagnifyingGlassViewController.h; sourceTree = "<group>"; };
		E6BD64D6138B87FB00E8BFB2 /* MagnifyingGlassViewController.m */ = {isa = PBXFileReference; fileEncoding = 4; lastKnownFileType = sourcecode.c.objc; path = MagnifyingGlassViewController.m; sourceTree = "<group>"; };
		E6BD64D7138B87FB00E8BFB2 /* Mercury-First_Color_Image.png */ = {isa = PBXFileReference; lastKnownFileType = image.png; path = "Mercury-First_Color_Image.png"; sourceTree = "<group>"; };
		E6BD64D8138B87FB00E8BFB2 /* NASA_Leaders_Tesla_Testdrive_1024.jpg */ = {isa = PBXFileReference; lastKnownFileType = image.jpeg; path = NASA_Leaders_Tesla_Testdrive_1024.jpg; sourceTree = "<group>"; };
		E6BD64E2138B883300E8BFB2 /* MainWindow.xib */ = {isa = PBXFileReference; fileEncoding = 4; lastKnownFileType = file.xib; path = MainWindow.xib; sourceTree = "<group>"; };
		E6BD64E4138B885E00E8BFB2 /* MainView.xib */ = {isa = PBXFileReference; fileEncoding = 4; lastKnownFileType = file.xib; path = MainView.xib; sourceTree = "<group>"; };
		E6BD64E6138B887900E8BFB2 /* InfoView.xib */ = {isa = PBXFileReference; fileEncoding = 4; lastKnownFileType = file.xib; path = InfoView.xib; sourceTree = "<group>"; };
		E6BD64EA138B88E600E8BFB2 /* QuartzCore.framework */ = {isa = PBXFileReference; lastKnownFileType = wrapper.framework; name = QuartzCore.framework; path = System/Library/Frameworks/QuartzCore.framework; sourceTree = SDKROOT; };
		E6EFDEDF13A0085C00A4A7C7 /* MagnifyingGlass.h */ = {isa = PBXFileReference; fileEncoding = 4; lastKnownFileType = sourcecode.c.h; path = MagnifyingGlass.h; sourceTree = "<group>"; };
		E6EFDEE013A0085C00A4A7C7 /* MagnifyingGlass.m */ = {isa = PBXFileReference; fileEncoding = 4; lastKnownFileType = sourcecode.c.objc; path = MagnifyingGlass.m; sourceTree = "<group>"; };
/* End PBXFileReference section */

/* Begin PBXFrameworksBuildPhase section */
		E6BD6497138B87A700E8BFB2 /* Frameworks */ = {
			isa = PBXFrameworksBuildPhase;
			buildActionMask = 2147483647;
			files = (
				E6BD64EB138B88E600E8BFB2 /* QuartzCore.framework in Frameworks */,
				E6BD649F138B87A700E8BFB2 /* UIKit.framework in Frameworks */,
				E6BD64A1138B87A700E8BFB2 /* Foundation.framework in Frameworks */,
				E6BD64A3138B87A700E8BFB2 /* CoreGraphics.framework in Frameworks */,
				E6BD64A5138B87A700E8BFB2 /* CoreData.framework in Frameworks */,
			);
			runOnlyForDeploymentPostprocessing = 0;
		};
/* End PBXFrameworksBuildPhase section */

/* Begin PBXGroup section */
		E6BD648F138B87A700E8BFB2 = {
			isa = PBXGroup;
			children = (
				E6BD64A6138B87A700E8BFB2 /* MagnifyingGlass */,
				E6BD649D138B87A700E8BFB2 /* Frameworks */,
				E6BD649B138B87A700E8BFB2 /* Products */,
			);
			sourceTree = "<group>";
		};
		E6BD649B138B87A700E8BFB2 /* Products */ = {
			isa = PBXGroup;
			children = (
				E6BD649A138B87A700E8BFB2 /* MagnifyingGlass.app */,
			);
			name = Products;
			sourceTree = "<group>";
		};
		E6BD649D138B87A700E8BFB2 /* Frameworks */ = {
			isa = PBXGroup;
			children = (
				E6BD64EA138B88E600E8BFB2 /* QuartzCore.framework */,
				E6BD649E138B87A700E8BFB2 /* UIKit.framework */,
				E6BD64A0138B87A700E8BFB2 /* Foundation.framework */,
				E6BD64A2138B87A700E8BFB2 /* CoreGraphics.framework */,
				E6BD64A4138B87A700E8BFB2 /* CoreData.framework */,
			);
			name = Frameworks;
			sourceTree = "<group>";
		};
		E6BD64A6138B87A700E8BFB2 /* MagnifyingGlass */ = {
			isa = PBXGroup;
			children = (
				E6BD64D3138B87FB00E8BFB2 /* MagnifyAppDelegate.h */,
				E6BD64D4138B87FB00E8BFB2 /* MagnifyAppDelegate.m */,
				E6BD64D5138B87FB00E8BFB2 /* MagnifyingGlassViewController.h */,
				E6BD64D6138B87FB00E8BFB2 /* MagnifyingGlassViewController.m */,
				E6EFDEDF13A0085C00A4A7C7 /* MagnifyingGlass.h */,
				E6EFDEE013A0085C00A4A7C7 /* MagnifyingGlass.m */,
				E6BD64CC138B87FB00E8BFB2 /* InfoViewController.h */,
				E6BD64CD138B87FB00E8BFB2 /* InfoViewController.m */,
				E6BD64E9138B88B000E8BFB2 /* Graphics */,
				E6BD64E8138B888500E8BFB2 /* Xib's */,
				E6BD64CF138B87FB00E8BFB2 /* MagnifyingGlass.xcdatamodeld */,
				E6BD64A7138B87A700E8BFB2 /* Supporting Files */,
			);
			path = MagnifyingGlass;
			sourceTree = "<group>";
		};
		E6BD64A7138B87A700E8BFB2 /* Supporting Files */ = {
			isa = PBXGroup;
			children = (
				E6BD64A8138B87A700E8BFB2 /* MagnifyingGlass-Info.plist */,
				E6BD64A9138B87A700E8BFB2 /* InfoPlist.strings */,
				E6BD64AC138B87A700E8BFB2 /* MagnifyingGlass-Prefix.pch */,
				E6BD64AD138B87A700E8BFB2 /* main.m */,
			);
			name = "Supporting Files";
			sourceTree = "<group>";
		};
		E6BD64E8138B888500E8BFB2 /* Xib's */ = {
			isa = PBXGroup;
			children = (
				E6BD64E2138B883300E8BFB2 /* MainWindow.xib */,
				E6BD64E4138B885E00E8BFB2 /* MainView.xib */,
				E6BD64E6138B887900E8BFB2 /* InfoView.xib */,
			);
			name = "Xib's";
			sourceTree = "<group>";
		};
		E6BD64E9138B88B000E8BFB2 /* Graphics */ = {
			isa = PBXGroup;
			children = (
				E6BD64CE138B87FB00E8BFB2 /* iPhone4.png */,
				E6BD64D1138B87FB00E8BFB2 /* KrazyKimWarMap.jpg */,
				E6BD64D2138B87FB00E8BFB2 /* KrazyKimWarMap.png */,
				E6BD64D7138B87FB00E8BFB2 /* Mercury-First_Color_Image.png */,
				E6BD64D8138B87FB00E8BFB2 /* NASA_Leaders_Tesla_Testdrive_1024.jpg */,
			);
			name = Graphics;
			sourceTree = "<group>";
		};
/* End PBXGroup section */

/* Begin PBXNativeTarget section */
		E6BD6499138B87A700E8BFB2 /* Magnifier */ = {
			isa = PBXNativeTarget;
			buildConfigurationList = E6BD64C4138B87A700E8BFB2 /* Build configuration list for PBXNativeTarget "Magnifier" */;
			buildPhases = (
				E6BD6496138B87A700E8BFB2 /* Sources */,
				E6BD6497138B87A700E8BFB2 /* Frameworks */,
				E6BD6498138B87A700E8BFB2 /* Resources */,
			);
			buildRules = (
			);
			dependencies = (
			);
			name = Magnifier;
			productName = MagnifyingGlass;
			productReference = E6BD649A138B87A700E8BFB2 /* MagnifyingGlass.app */;
			productType = "com.apple.product-type.application";
		};
/* End PBXNativeTarget section */

/* Begin PBXProject section */
		E6BD6491138B87A700E8BFB2 /* Project object */ = {
			isa = PBXProject;
			attributes = {
				LastUpgradeCheck = 0420;
				ORGANIZATIONNAME = PortableFrontier;
			};
			buildConfigurationList = E6BD6494138B87A700E8BFB2 /* Build configuration list for PBXProject "MagnifyingGlass" */;
			compatibilityVersion = "Xcode 3.2";
			developmentRegion = English;
			hasScannedForEncodings = 0;
			knownRegions = (
				en,
			);
			mainGroup = E6BD648F138B87A700E8BFB2;
			productRefGroup = E6BD649B138B87A700E8BFB2 /* Products */;
			projectDirPath = "";
			projectRoot = "";
			targets = (
				E6BD6499138B87A700E8BFB2 /* Magnifier */,
			);
		};
/* End PBXProject section */

/* Begin PBXResourcesBuildPhase section */
		E6BD6498138B87A700E8BFB2 /* Resources */ = {
			isa = PBXResourcesBuildPhase;
			buildActionMask = 2147483647;
			files = (
				E6BD64AB138B87A700E8BFB2 /* InfoPlist.strings in Resources */,
				E6BD64DA138B87FB00E8BFB2 /* iPhone4.png in Resources */,
				E6BD64DC138B87FB00E8BFB2 /* KrazyKimWarMap.jpg in Resources */,
				E6BD64DD138B87FB00E8BFB2 /* KrazyKimWarMap.png in Resources */,
				E6BD64E0138B87FB00E8BFB2 /* Mercury-First_Color_Image.png in Resources */,
				E6BD64E1138B87FB00E8BFB2 /* NASA_Leaders_Tesla_Testdrive_1024.jpg in Resources */,
				E6BD64E3138B883300E8BFB2 /* MainWindow.xib in Resources */,
				E6BD64E5138B885E00E8BFB2 /* MainView.xib in Resources */,
				E6BD64E7138B887900E8BFB2 /* InfoView.xib in Resources */,
			);
			runOnlyForDeploymentPostprocessing = 0;
		};
/* End PBXResourcesBuildPhase section */

/* Begin PBXSourcesBuildPhase section */
		E6BD6496138B87A700E8BFB2 /* Sources */ = {
			isa = PBXSourcesBuildPhase;
			buildActionMask = 2147483647;
			files = (
				E6BD64AE138B87A700E8BFB2 /* main.m in Sources */,
				E6BD64D9138B87FB00E8BFB2 /* InfoViewController.m in Sources */,
				E6BD64DB138B87FB00E8BFB2 /* MagnifyingGlass.xcdatamodeld in Sources */,
				E6BD64DE138B87FB00E8BFB2 /* MagnifyAppDelegate.m in Sources */,
				E6BD64DF138B87FB00E8BFB2 /* MagnifyingGlassViewController.m in Sources */,
				E6EFDEE113A0085C00A4A7C7 /* MagnifyingGlass.m in Sources */,
			);
			runOnlyForDeploymentPostprocessing = 0;
		};
/* End PBXSourcesBuildPhase section */

/* Begin PBXVariantGroup section */
		E6BD64A9138B87A700E8BFB2 /* InfoPlist.strings */ = {
			isa = PBXVariantGroup;
			children = (
				E6BD64AA138B87A700E8BFB2 /* en */,
			);
			name = InfoPlist.strings;
			sourceTree = "<group>";
		};
/* End PBXVariantGroup section */

/* Begin XCBuildConfiguration section */
		E6BD64C2138B87A700E8BFB2 /* Debug */ = {
			isa = XCBuildConfiguration;
			buildSettings = {
				ARCHS = "$(ARCHS_STANDARD_32_BIT)";
				"CODE_SIGN_IDENTITY[sdk=iphoneos*]" = "iPhone Developer";
				GCC_C_LANGUAGE_STANDARD = gnu99;
				GCC_OPTIMIZATION_LEVEL = 0;
				GCC_PREPROCESSOR_DEFINITIONS = DEBUG;
				GCC_SYMBOLS_PRIVATE_EXTERN = NO;
				GCC_VERSION = com.apple.compilers.llvm.clang.1_0;
				GCC_WARN_ABOUT_MISSING_PROTOTYPES = YES;
				GCC_WARN_ABOUT_RETURN_TYPE = YES;
				GCC_WARN_UNUSED_VARIABLE = YES;
				IPHONEOS_DEPLOYMENT_TARGET = 4.3;
				SDKROOT = iphoneos;
			};
			name = Debug;
		};
		E6BD64C3138B87A700E8BFB2 /* Release */ = {
			isa = XCBuildConfiguration;
			buildSettings = {
				ARCHS = "$(ARCHS_STANDARD_32_BIT)";
				"CODE_SIGN_IDENTITY[sdk=iphoneos*]" = "iPhone Developer";
				GCC_C_LANGUAGE_STANDARD = gnu99;
				GCC_VERSION = com.apple.compilers.llvm.clang.1_0;
				GCC_WARN_ABOUT_MISSING_PROTOTYPES = YES;
				GCC_WARN_ABOUT_RETURN_TYPE = YES;
				GCC_WARN_UNUSED_VARIABLE = YES;
				IPHONEOS_DEPLOYMENT_TARGET = 4.3;
				OTHER_CFLAGS = "-DNS_BLOCK_ASSERTIONS=1";
				SDKROOT = iphoneos;
			};
			name = Release;
		};
		E6BD64C5138B87A700E8BFB2 /* Debug */ = {
			isa = XCBuildConfiguration;
			buildSettings = {
				ALWAYS_SEARCH_USER_PATHS = NO;
				CLANG_ENABLE_OBJC_ARC = YES;
				COPY_PHASE_STRIP = NO;
				GCC_DYNAMIC_NO_PIC = NO;
				GCC_PRECOMPILE_PREFIX_HEADER = YES;
				GCC_PREFIX_HEADER = "MagnifyingGlass/MagnifyingGlass-Prefix.pch";
				GCC_VERSION = com.apple.compilers.llvm.clang.1_0;
				INFOPLIST_FILE = "MagnifyingGlass/MagnifyingGlass-Info.plist";
				PRODUCT_NAME = "$(TARGET_NAME)";
				WRAPPER_EXTENSION = app;
			};
			name = Debug;
		};
		E6BD64C6138B87A700E8BFB2 /* Release */ = {
			isa = XCBuildConfiguration;
			buildSettings = {
				ALWAYS_SEARCH_USER_PATHS = NO;
				CLANG_ENABLE_OBJC_ARC = YES;
				COPY_PHASE_STRIP = YES;
				GCC_PRECOMPILE_PREFIX_HEADER = YES;
				GCC_PREFIX_HEADER = "MagnifyingGlass/MagnifyingGlass-Prefix.pch";
				GCC_VERSION = com.apple.compilers.llvm.clang.1_0;
				INFOPLIST_FILE = "MagnifyingGlass/MagnifyingGlass-Info.plist";
				PRODUCT_NAME = "$(TARGET_NAME)";
				VALIDATE_PRODUCT = YES;
				WRAPPER_EXTENSION = app;
			};
			name = Release;
		};
/* End XCBuildConfiguration section */

/* Begin XCConfigurationList section */
		E6BD6494138B87A700E8BFB2 /* Build configuration list for PBXProject "MagnifyingGlass" */ = {
			isa = XCConfigurationList;
			buildConfigurations = (
				E6BD64C2138B87A700E8BFB2 /* Debug */,
				E6BD64C3138B87A700E8BFB2 /* Release */,
			);
			defaultConfigurationIsVisible = 0;
			defaultConfigurationName = Release;
		};
		E6BD64C4138B87A700E8BFB2 /* Build configuration list for PBXNativeTarget "Magnifier" */ = {
			isa = XCConfigurationList;
			buildConfigurations = (
				E6BD64C5138B87A700E8BFB2 /* Debug */,
				E6BD64C6138B87A700E8BFB2 /* Release */,
			);
			defaultConfigurationIsVisible = 0;
			defaultConfigurationName = Release;
		};
/* End XCConfigurationList section */

/* Begin XCVersionGroup section */
		E6BD64CF138B87FB00E8BFB2 /* MagnifyingGlass.xcdatamodeld */ = {
			isa = XCVersionGroup;
			children = (
				E6BD64D0138B87FB00E8BFB2 /* KrazyKim.xcdatamodel */,
			);
			currentVersion = E6BD64D0138B87FB00E8BFB2 /* KrazyKim.xcdatamodel */;
			name = MagnifyingGlass.xcdatamodeld;
			path = KrazyKim.xcdatamodeld;
			sourceTree = "<group>";
			versionGroupType = wrapper.xcdatamodel;
		};
/* End XCVersionGroup section */
	};
	rootObject = E6BD6491138B87A700E8BFB2 /* Project object */;
}
